
Microsoft Visual Studio Solution File, Format Version 12.00
# Visual Studio 15
VisualStudioVersion = 15.0.27130.2010
MinimumVisualStudioVersion = 10.0.40219.1
Project("{FAE04EC0-301F-11D3-BF4B-00C04F79EFBC}") = "ProjektDES", "ProjektDES\ProjektDES.csproj", "{3DFFEFD9-53F7-4CD4-8516-9C23E1A0E82E}"
EndProject
Global
	GlobalSection(SolutionConfigurationPlatforms) = preSolution
		Debug|Any CPU = Debug|Any CPU
		Release|Any CPU = Release|Any CPU
	EndGlobalSection
	GlobalSection(ProjectConfigurationPlatforms) = postSolution
		{3DFFEFD9-53F7-4CD4-8516-9C23E1A0E82E}.Debug|Any CPU.ActiveCfg = Debug|Any CPU
		{3DFFEFD9-53F7-4CD4-8516-9C23E1A0E82E}.Debug|Any CPU.Build.0 = Debug|Any CPU
		{3DFFEFD9-53F7-4CD4-8516-9C23E1A0E82E}.Release|Any CPU.ActiveCfg = Release|Any CPU
		{3DFFEFD9-53F7-4CD4-8516-9C23E1A0E82E}.Release|Any CPU.Build.0 = Release|Any CPU
	EndGlobalSection
	GlobalSection(SolutionProperties) = preSolution
		HideSolutionNode = FALSE
	EndGlobalSection
	GlobalSection(ExtensibilityGlobals) = postSolution
		SolutionGuid = {88A8157D-B155-49E7-8490-CFE25664B6C5}
	EndGlobalSection
EndGlobal
